
Microsoft Visual Studio Solution File, Format Version 12.00
# Visual Studio 2013
VisualStudioVersion = 12.0.21005.1
MinimumVisualStudioVersion = 10.0.40219.1
Project("{FAE04EC0-301F-11D3-BF4B-00C04F79EFBC}") = "MvcMovie", "MvcMovie\MvcMovie.csproj", "{FEC4E45F-7857-4268-9C66-4ED5760B1D20}"
EndProject
Project("{2150E333-8FDC-42A3-9474-1A3956D46DE8}") = "PublishScripts", "PublishScripts", "{6F1995D4-23E0-48A2-A044-EF629F7B4F91}"
	ProjectSection(SolutionItems) = preProject
		PublishScripts\AzureWebAppPublishModule.psm1 = PublishScripts\AzureWebAppPublishModule.psm1
		PublishScripts\Publish-WebApplication.ps1 = PublishScripts\Publish-WebApplication.ps1
	EndProjectSection
EndProject
Project("{2150E333-8FDC-42A3-9474-1A3956D46DE8}") = "Configurations", "Configurations", "{F1706BCA-F4D7-46C7-8375-463BAA84792E}"
	ProjectSection(SolutionItems) = preProject
		PublishScripts\Configurations\MvcMovie-WAWS-dev.json = PublishScripts\Configurations\MvcMovie-WAWS-dev.json
	EndProjectSection
EndProject
Global
	GlobalSection(SolutionConfigurationPlatforms) = preSolution
		Debug|Any CPU = Debug|Any CPU
		Release|Any CPU = Release|Any CPU
	EndGlobalSection
	GlobalSection(ProjectConfigurationPlatforms) = postSolution
		{FEC4E45F-7857-4268-9C66-4ED5760B1D20}.Debug|Any CPU.ActiveCfg = Debug|Any CPU
		{FEC4E45F-7857-4268-9C66-4ED5760B1D20}.Debug|Any CPU.Build.0 = Debug|Any CPU
		{FEC4E45F-7857-4268-9C66-4ED5760B1D20}.Release|Any CPU.ActiveCfg = Release|Any CPU
		{FEC4E45F-7857-4268-9C66-4ED5760B1D20}.Release|Any CPU.Build.0 = Release|Any CPU
	EndGlobalSection
	GlobalSection(SolutionProperties) = preSolution
		HideSolutionNode = FALSE
	EndGlobalSection
	GlobalSection(NestedProjects) = preSolution
		{F1706BCA-F4D7-46C7-8375-463BAA84792E} = {6F1995D4-23E0-48A2-A044-EF629F7B4F91}
	EndGlobalSection
EndGlobal
